
Microsoft Visual Studio Solution File, Format Version 12.00
# Visual Studio Version 17
VisualStudioVersion = 17.8.34525.116
MinimumVisualStudioVersion = 10.0.40219.1
Project("{FAE04EC0-301F-11D3-BF4B-00C04F79EFBC}") = "Projeto Modelagem", "Projeto Modelagem\Projeto Modelagem.csproj", "{B605C274-60E7-408F-8BBE-7CC571DA3571}"
EndProject
Global
	GlobalSection(SolutionConfigurationPlatforms) = preSolution
		Debug|Any CPU = Debug|Any CPU
		Release|Any CPU = Release|Any CPU
	EndGlobalSection
	GlobalSection(ProjectConfigurationPlatforms) = postSolution
		{B605C274-60E7-408F-8BBE-7CC571DA3571}.Debug|Any CPU.ActiveCfg = Debug|Any CPU
		{B605C274-60E7-408F-8BBE-7CC571DA3571}.Debug|Any CPU.Build.0 = Debug|Any CPU
		{B605C274-60E7-408F-8BBE-7CC571DA3571}.Release|Any CPU.ActiveCfg = Release|Any CPU
		{B605C274-60E7-408F-8BBE-7CC571DA3571}.Release|Any CPU.Build.0 = Release|Any CPU
	EndGlobalSection
	GlobalSection(SolutionProperties) = preSolution
		HideSolutionNode = FALSE
	EndGlobalSection
	GlobalSection(ExtensibilityGlobals) = postSolution
		SolutionGuid = {DB007BCC-D208-4756-A3F7-8DC209CD4F33}
	EndGlobalSection
EndGlobal
